// !$*UTF8*$!
{
	archiveVersion = 1;
	classes = {
	};
	objectVersion = 48;
	objects = {

/* Begin PBXBuildFile section */
		C88737971F7D452500F49680 /* AppDelegate.swift in Sources */ = {isa = PBXBuildFile; fileRef = C88737961F7D452500F49680 /* AppDelegate.swift */; };
		C88737991F7D452500F49680 /* ViewController.swift in Sources */ = {isa = PBXBuildFile; fileRef = C88737981F7D452500F49680 /* ViewController.swift */; };
		C887379C1F7D452500F49680 /* Main.storyboard in Resources */ = {isa = PBXBuildFile; fileRef = C887379A1F7D452500F49680 /* Main.storyboard */; };
		C887379F1F7D452500F49680 /* YelpRestaurants.xcdatamodeld in Sources */ = {isa = PBXBuildFile; fileRef = C887379D1F7D452500F49680 /* YelpRestaurants.xcdatamodeld */; };
		C88737A11F7D452500F49680 /* Assets.xcassets in Resources */ = {isa = PBXBuildFile; fileRef = C88737A01F7D452500F49680 /* Assets.xcassets */; };
		C88737A41F7D452500F49680 /* LaunchScreen.storyboard in Resources */ = {isa = PBXBuildFile; fileRef = C88737A21F7D452500F49680 /* LaunchScreen.storyboard */; };
		C88737AF1F7D452600F49680 /* YelpRestaurantsTests.swift in Sources */ = {isa = PBXBuildFile; fileRef = C88737AE1F7D452600F49680 /* YelpRestaurantsTests.swift */; };
		C88737BA1F7D452600F49680 /* YelpRestaurantsUITests.swift in Sources */ = {isa = PBXBuildFile; fileRef = C88737B91F7D452600F49680 /* YelpRestaurantsUITests.swift */; };
		C88737C81F7D67F800F49680 /* CategoryCell.swift in Sources */ = {isa = PBXBuildFile; fileRef = C88737C71F7D67F800F49680 /* CategoryCell.swift */; };
		C88737CA1F7E85ED00F49680 /* RestaurantsModels.swift in Sources */ = {isa = PBXBuildFile; fileRef = C88737C91F7E85ED00F49680 /* RestaurantsModels.swift */; };
		C88737CC1F7E862800F49680 /* RestaurantDetailController.swift in Sources */ = {isa = PBXBuildFile; fileRef = C88737CB1F7E862800F49680 /* RestaurantDetailController.swift */; };
/* End PBXBuildFile section */

/* Begin PBXContainerItemProxy section */
		C88737AB1F7D452600F49680 /* PBXContainerItemProxy */ = {
			isa = PBXContainerItemProxy;
			containerPortal = C887378B1F7D452500F49680 /* Project object */;
			proxyType = 1;
			remoteGlobalIDString = C88737921F7D452500F49680;
			remoteInfo = YelpRestaurants;
		};
		C88737B61F7D452600F49680 /* PBXContainerItemProxy */ = {
			isa = PBXContainerItemProxy;
			containerPortal = C887378B1F7D452500F49680 /* Project object */;
			proxyType = 1;
			remoteGlobalIDString = C88737921F7D452500F49680;
			remoteInfo = YelpRestaurants;
		};
/* End PBXContainerItemProxy section */

/* Begin PBXFileReference section */
		C88737931F7D452500F49680 /* YelpRestaurants.app */ = {isa = PBXFileReference; explicitFileType = wrapper.application; includeInIndex = 0; path = YelpRestaurants.app; sourceTree = BUILT_PRODUCTS_DIR; };
		C88737961F7D452500F49680 /* AppDelegate.swift */ = {isa = PBXFileReference; lastKnownFileType = sourcecode.swift; path = AppDelegate.swift; sourceTree = "<group>"; };
		C88737981F7D452500F49680 /* ViewController.swift */ = {isa = PBXFileReference; lastKnownFileType = sourcecode.swift; path = ViewController.swift; sourceTree = "<group>"; };
		C887379B1F7D452500F49680 /* Base */ = {isa = PBXFileReference; lastKnownFileType = file.storyboard; name = Base; path = Base.lproj/Main.storyboard; sourceTree = "<group>"; };
		C887379E1F7D452500F49680 /* YelpRestaurants.xcdatamodel */ = {isa = PBXFileReference; lastKnownFileType = wrapper.xcdatamodel; path = YelpRestaurants.xcdatamodel; sourceTree = "<group>"; };
		C88737A01F7D452500F49680 /* Assets.xcassets */ = {isa = PBXFileReference; lastKnownFileType = folder.assetcatalog; path = Assets.xcassets; sourceTree = "<group>"; };
		C88737A31F7D452500F49680 /* Base */ = {isa = PBXFileReference; lastKnownFileType = file.storyboard; name = Base; path = Base.lproj/LaunchScreen.storyboard; sourceTree = "<group>"; };
		C88737A51F7D452500F49680 /* Info.plist */ = {isa = PBXFileReference; lastKnownFileType = text.plist.xml; path = Info.plist; sourceTree = "<group>"; };
		C88737AA1F7D452600F49680 /* YelpRestaurantsTests.xctest */ = {isa = PBXFileReference; explicitFileType = wrapper.cfbundle; includeInIndex = 0; path = YelpRestaurantsTests.xctest; sourceTree = BUILT_PRODUCTS_DIR; };
		C88737AE1F7D452600F49680 /* YelpRestaurantsTests.swift */ = {isa = PBXFileReference; lastKnownFileType = sourcecode.swift; path = YelpRestaurantsTests.swift; sourceTree = "<group>"; };
		C88737B01F7D452600F49680 /* Info.plist */ = {isa = PBXFileReference; lastKnownFileType = text.plist.xml; path = Info.plist; sourceTree = "<group>"; };
		C88737B51F7D452600F49680 /* YelpRestaurantsUITests.xctest */ = {isa = PBXFileReference; explicitFileType = wrapper.cfbundle; includeInIndex = 0; path = YelpRestaurantsUITests.xctest; sourceTree = BUILT_PRODUCTS_DIR; };
		C88737B91F7D452600F49680 /* YelpRestaurantsUITests.swift */ = {isa = PBXFileReference; lastKnownFileType = sourcecode.swift; path = YelpRestaurantsUITests.swift; sourceTree = "<group>"; };
		C88737BB1F7D452600F49680 /* Info.plist */ = {isa = PBXFileReference; lastKnownFileType = text.plist.xml; path = Info.plist; sourceTree = "<group>"; };
		C88737C71F7D67F800F49680 /* CategoryCell.swift */ = {isa = PBXFileReference; lastKnownFileType = sourcecode.swift; path = CategoryCell.swift; sourceTree = "<group>"; };
		C88737C91F7E85ED00F49680 /* RestaurantsModels.swift */ = {isa = PBXFileReference; lastKnownFileType = sourcecode.swift; path = RestaurantsModels.swift; sourceTree = "<group>"; };
		C88737CB1F7E862800F49680 /* RestaurantDetailController.swift */ = {isa = PBXFileReference; lastKnownFileType = sourcecode.swift; path = RestaurantDetailController.swift; sourceTree = "<group>"; };
/* End PBXFileReference section */

/* Begin PBXFrameworksBuildPhase section */
		C88737901F7D452500F49680 /* Frameworks */ = {
			isa = PBXFrameworksBuildPhase;
			buildActionMask = 2147483647;
			files = (
			);
			runOnlyForDeploymentPostprocessing = 0;
		};
		C88737A71F7D452600F49680 /* Frameworks */ = {
			isa = PBXFrameworksBuildPhase;
			buildActionMask = 2147483647;
			files = (
			);
			runOnlyForDeploymentPostprocessing = 0;
		};
		C88737B21F7D452600F49680 /* Frameworks */ = {
			isa = PBXFrameworksBuildPhase;
			buildActionMask = 2147483647;
			files = (
			);
			runOnlyForDeploymentPostprocessing = 0;
		};
/* End PBXFrameworksBuildPhase section */

/* Begin PBXGroup section */
		C887378A1F7D452500F49680 = {
			isa = PBXGroup;
			children = (
				C88737951F7D452500F49680 /* YelpRestaurants */,
				C88737AD1F7D452600F49680 /* YelpRestaurantsTests */,
				C88737B81F7D452600F49680 /* YelpRestaurantsUITests */,
				C88737941F7D452500F49680 /* Products */,
			);
			sourceTree = "<group>";
		};
		C88737941F7D452500F49680 /* Products */ = {
			isa = PBXGroup;
			children = (
				C88737931F7D452500F49680 /* YelpRestaurants.app */,
				C88737AA1F7D452600F49680 /* YelpRestaurantsTests.xctest */,
				C88737B51F7D452600F49680 /* YelpRestaurantsUITests.xctest */,
			);
			name = Products;
			sourceTree = "<group>";
		};
		C88737951F7D452500F49680 /* YelpRestaurants */ = {
			isa = PBXGroup;
			children = (
				C88737961F7D452500F49680 /* AppDelegate.swift */,
				C88737981F7D452500F49680 /* ViewController.swift */,
				C887379A1F7D452500F49680 /* Main.storyboard */,
				C88737A01F7D452500F49680 /* Assets.xcassets */,
				C88737A21F7D452500F49680 /* LaunchScreen.storyboard */,
				C88737A51F7D452500F49680 /* Info.plist */,
				C887379D1F7D452500F49680 /* YelpRestaurants.xcdatamodeld */,
				C88737C71F7D67F800F49680 /* CategoryCell.swift */,
				C88737C91F7E85ED00F49680 /* RestaurantsModels.swift */,
				C88737CB1F7E862800F49680 /* RestaurantDetailController.swift */,
			);
			path = YelpRestaurants;
			sourceTree = "<group>";
		};
		C88737AD1F7D452600F49680 /* YelpRestaurantsTests */ = {
			isa = PBXGroup;
			children = (
				C88737AE1F7D452600F49680 /* YelpRestaurantsTests.swift */,
				C88737B01F7D452600F49680 /* Info.plist */,
			);
			path = YelpRestaurantsTests;
			sourceTree = "<group>";
		};
		C88737B81F7D452600F49680 /* YelpRestaurantsUITests */ = {
			isa = PBXGroup;
			children = (
				C88737B91F7D452600F49680 /* YelpRestaurantsUITests.swift */,
				C88737BB1F7D452600F49680 /* Info.plist */,
			);
			path = YelpRestaurantsUITests;
			sourceTree = "<group>";
		};
/* End PBXGroup section */

/* Begin PBXNativeTarget section */
		C88737921F7D452500F49680 /* YelpRestaurants */ = {
			isa = PBXNativeTarget;
			buildConfigurationList = C88737BE1F7D452600F49680 /* Build configuration list for PBXNativeTarget "YelpRestaurants" */;
			buildPhases = (
				C887378F1F7D452500F49680 /* Sources */,
				C88737901F7D452500F49680 /* Frameworks */,
				C88737911F7D452500F49680 /* Resources */,
			);
			buildRules = (
			);
			dependencies = (
			);
			name = YelpRestaurants;
			productName = YelpRestaurants;
			productReference = C88737931F7D452500F49680 /* YelpRestaurants.app */;
			productType = "com.apple.product-type.application";
		};
		C88737A91F7D452600F49680 /* YelpRestaurantsTests */ = {
			isa = PBXNativeTarget;
			buildConfigurationList = C88737C11F7D452600F49680 /* Build configuration list for PBXNativeTarget "YelpRestaurantsTests" */;
			buildPhases = (
				C88737A61F7D452600F49680 /* Sources */,
				C88737A71F7D452600F49680 /* Frameworks */,
				C88737A81F7D452600F49680 /* Resources */,
			);
			buildRules = (
			);
			dependencies = (
				C88737AC1F7D452600F49680 /* PBXTargetDependency */,
			);
			name = YelpRestaurantsTests;
			productName = YelpRestaurantsTests;
			productReference = C88737AA1F7D452600F49680 /* YelpRestaurantsTests.xctest */;
			productType = "com.apple.product-type.bundle.unit-test";
		};
		C88737B41F7D452600F49680 /* YelpRestaurantsUITests */ = {
			isa = PBXNativeTarget;
			buildConfigurationList = C88737C41F7D452600F49680 /* Build configuration list for PBXNativeTarget "YelpRestaurantsUITests" */;
			buildPhases = (
				C88737B11F7D452600F49680 /* Sources */,
				C88737B21F7D452600F49680 /* Frameworks */,
				C88737B31F7D452600F49680 /* Resources */,
			);
			buildRules = (
			);
			dependencies = (
				C88737B71F7D452600F49680 /* PBXTargetDependency */,
			);
			name = YelpRestaurantsUITests;
			productName = YelpRestaurantsUITests;
			productReference = C88737B51F7D452600F49680 /* YelpRestaurantsUITests.xctest */;
			productType = "com.apple.product-type.bundle.ui-testing";
		};
/* End PBXNativeTarget section */

/* Begin PBXProject section */
		C887378B1F7D452500F49680 /* Project object */ = {
			isa = PBXProject;
			attributes = {
				LastSwiftUpdateCheck = 0900;
				LastUpgradeCheck = 0900;
				ORGANIZATIONNAME = AdrianYH;
				TargetAttributes = {
					C88737921F7D452500F49680 = {
						CreatedOnToolsVersion = 9.0;
						ProvisioningStyle = Automatic;
					};
					C88737A91F7D452600F49680 = {
						CreatedOnToolsVersion = 9.0;
						ProvisioningStyle = Automatic;
						TestTargetID = C88737921F7D452500F49680;
					};
					C88737B41F7D452600F49680 = {
						CreatedOnToolsVersion = 9.0;
						ProvisioningStyle = Automatic;
						TestTargetID = C88737921F7D452500F49680;
					};
				};
			};
			buildConfigurationList = C887378E1F7D452500F49680 /* Build configuration list for PBXProject "YelpRestaurants" */;
			compatibilityVersion = "Xcode 8.0";
			developmentRegion = en;
			hasScannedForEncodings = 0;
			knownRegions = (
				en,
				Base,
			);
			mainGroup = C887378A1F7D452500F49680;
			productRefGroup = C88737941F7D452500F49680 /* Products */;
			projectDirPath = "";
			projectRoot = "";
			targets = (
				C88737921F7D452500F49680 /* YelpRestaurants */,
				C88737A91F7D452600F49680 /* YelpRestaurantsTests */,
				C88737B41F7D452600F49680 /* YelpRestaurantsUITests */,
			);
		};
/* End PBXProject section */

/* Begin PBXResourcesBuildPhase section */
		C88737911F7D452500F49680 /* Resources */ = {
			isa = PBXResourcesBuildPhase;
			buildActionMask = 2147483647;
			files = (
				C88737A41F7D452500F49680 /* LaunchScreen.storyboard in Resources */,
				C88737A11F7D452500F49680 /* Assets.xcassets in Resources */,
				C887379C1F7D452500F49680 /* Main.storyboard in Resources */,
			);
			runOnlyForDeploymentPostprocessing = 0;
		};
		C88737A81F7D452600F49680 /* Resources */ = {
			isa = PBXResourcesBuildPhase;
			buildActionMask = 2147483647;
			files = (
			);
			runOnlyForDeploymentPostprocessing = 0;
		};
		C88737B31F7D452600F49680 /* Resources */ = {
			isa = PBXResourcesBuildPhase;
			buildActionMask = 2147483647;
			files = (
			);
			runOnlyForDeploymentPostprocessing = 0;
		};
/* End PBXResourcesBuildPhase section */

/* Begin PBXSourcesBuildPhase section */
		C887378F1F7D452500F49680 /* Sources */ = {
			isa = PBXSourcesBuildPhase;
			buildActionMask = 2147483647;
			files = (
				C88737991F7D452500F49680 /* ViewController.swift in Sources */,
				C88737971F7D452500F49680 /* AppDelegate.swift in Sources */,
				C88737CC1F7E862800F49680 /* RestaurantDetailController.swift in Sources */,
				C887379F1F7D452500F49680 /* YelpRestaurants.xcdatamodeld in Sources */,
				C88737CA1F7E85ED00F49680 /* RestaurantsModels.swift in Sources */,
				C88737C81F7D67F800F49680 /* CategoryCell.swift in Sources */,
			);
			runOnlyForDeploymentPostprocessing = 0;
		};
		C88737A61F7D452600F49680 /* Sources */ = {
			isa = PBXSourcesBuildPhase;
			buildActionMask = 2147483647;
			files = (
				C88737AF1F7D452600F49680 /* YelpRestaurantsTests.swift in Sources */,
			);
			runOnlyForDeploymentPostprocessing = 0;
		};
		C88737B11F7D452600F49680 /* Sources */ = {
			isa = PBXSourcesBuildPhase;
			buildActionMask = 2147483647;
			files = (
				C88737BA1F7D452600F49680 /* YelpRestaurantsUITests.swift in Sources */,
			);
			runOnlyForDeploymentPostprocessing = 0;
		};
/* End PBXSourcesBuildPhase section */

/* Begin PBXTargetDependency section */
		C88737AC1F7D452600F49680 /* PBXTargetDependency */ = {
			isa = PBXTargetDependency;
			target = C88737921F7D452500F49680 /* YelpRestaurants */;
			targetProxy = C88737AB1F7D452600F49680 /* PBXContainerItemProxy */;
		};
		C88737B71F7D452600F49680 /* PBXTargetDependency */ = {
			isa = PBXTargetDependency;
			target = C88737921F7D452500F49680 /* YelpRestaurants */;
			targetProxy = C88737B61F7D452600F49680 /* PBXContainerItemProxy */;
		};
/* End PBXTargetDependency section */

/* Begin PBXVariantGroup section */
		C887379A1F7D452500F49680 /* Main.storyboard */ = {
			isa = PBXVariantGroup;
			children = (
				C887379B1F7D452500F49680 /* Base */,
			);
			name = Main.storyboard;
			sourceTree = "<group>";
		};
		C88737A21F7D452500F49680 /* LaunchScreen.storyboard */ = {
			isa = PBXVariantGroup;
			children = (
				C88737A31F7D452500F49680 /* Base */,
			);
			name = LaunchScreen.storyboard;
			sourceTree = "<group>";
		};
/* End PBXVariantGroup section */

/* Begin XCBuildConfiguration section */
		C88737BC1F7D452600F49680 /* Debug */ = {
			isa = XCBuildConfiguration;
			buildSettings = {
				ALWAYS_SEARCH_USER_PATHS = NO;
				CLANG_ANALYZER_NONNULL = YES;
				CLANG_ANALYZER_NUMBER_OBJECT_CONVERSION = YES_AGGRESSIVE;
				CLANG_CXX_LANGUAGE_STANDARD = "gnu++14";
				CLANG_CXX_LIBRARY = "libc++";
				CLANG_ENABLE_MODULES = YES;
				CLANG_ENABLE_OBJC_ARC = YES;
				CLANG_WARN_BLOCK_CAPTURE_AUTORELEASING = YES;
				CLANG_WARN_BOOL_CONVERSION = YES;
				CLANG_WARN_COMMA = YES;
				CLANG_WARN_CONSTANT_CONVERSION = YES;
				CLANG_WARN_DIRECT_OBJC_ISA_USAGE = YES_ERROR;
				CLANG_WARN_DOCUMENTATION_COMMENTS = YES;
				CLANG_WARN_EMPTY_BODY = YES;
				CLANG_WARN_ENUM_CONVERSION = YES;
				CLANG_WARN_INFINITE_RECURSION = YES;
				CLANG_WARN_INT_CONVERSION = YES;
				CLANG_WARN_NON_LITERAL_NULL_CONVERSION = YES;
				CLANG_WARN_OBJC_LITERAL_CONVERSION = YES;
				CLANG_WARN_OBJC_ROOT_CLASS = YES_ERROR;
				CLANG_WARN_RANGE_LOOP_ANALYSIS = YES;
				CLANG_WARN_STRICT_PROTOTYPES = YES;
				CLANG_WARN_SUSPICIOUS_MOVE = YES;
				CLANG_WARN_UNGUARDED_AVAILABILITY = YES_AGGRESSIVE;
				CLANG_WARN_UNREACHABLE_CODE = YES;
				CLANG_WARN__DUPLICATE_METHOD_MATCH = YES;
				CODE_SIGN_IDENTITY = "iPhone Developer";
				COPY_PHASE_STRIP = NO;
				DEBUG_INFORMATION_FORMAT = dwarf;
				ENABLE_STRICT_OBJC_MSGSEND = YES;
				ENABLE_TESTABILITY = YES;
				GCC_C_LANGUAGE_STANDARD = gnu11;
				GCC_DYNAMIC_NO_PIC = NO;
				GCC_NO_COMMON_BLOCKS = YES;
				GCC_OPTIMIZATION_LEVEL = 0;
				GCC_PREPROCESSOR_DEFINITIONS = (
					"DEBUG=1",
					"$(inherited)",
				);
				GCC_WARN_64_TO_32_BIT_CONVERSION = YES;
				GCC_WARN_ABOUT_RETURN_TYPE = YES_ERROR;
				GCC_WARN_UNDECLARED_SELECTOR = YES;
				GCC_WARN_UNINITIALIZED_AUTOS = YES_AGGRESSIVE;
				GCC_WARN_UNUSED_FUNCTION = YES;
				GCC_WARN_UNUSED_VARIABLE = YES;
				IPHONEOS_DEPLOYMENT_TARGET = 11.0;
				MTL_ENABLE_DEBUG_INFO = YES;
				ONLY_ACTIVE_ARCH = YES;
				SDKROOT = iphoneos;
				SWIFT_ACTIVE_COMPILATION_CONDITIONS = DEBUG;
				SWIFT_OPTIMIZATION_LEVEL = "-Onone";
			};
			name = Debug;
		};
		C88737BD1F7D452600F49680 /* Release */ = {
			isa = XCBuildConfiguration;
			buildSettings = {
				ALWAYS_SEARCH_USER_PATHS = NO;
				CLANG_ANALYZER_NONNULL = YES;
				CLANG_ANALYZER_NUMBER_OBJECT_CONVERSION = YES_AGGRESSIVE;
				CLANG_CXX_LANGUAGE_STANDARD = "gnu++14";
				CLANG_CXX_LIBRARY = "libc++";
				CLANG_ENABLE_MODULES = YES;
				CLANG_ENABLE_OBJC_ARC = YES;
				CLANG_WARN_BLOCK_CAPTURE_AUTORELEASING = YES;
				CLANG_WARN_BOOL_CONVERSION = YES;
				CLANG_WARN_COMMA = YES;
				CLANG_WARN_CONSTANT_CONVERSION = YES;
				CLANG_WARN_DIRECT_OBJC_ISA_USAGE = YES_ERROR;
				CLANG_WARN_DOCUMENTATION_COMMENTS = YES;
				CLANG_WARN_EMPTY_BODY = YES;
				CLANG_WARN_ENUM_CONVERSION = YES;
				CLANG_WARN_INFINITE_RECURSION = YES;
				CLANG_WARN_INT_CONVERSION = YES;
				CLANG_WARN_NON_LITERAL_NULL_CONVERSION = YES;
				CLANG_WARN_OBJC_LITERAL_CONVERSION = YES;
				CLANG_WARN_OBJC_ROOT_CLASS = YES_ERROR;
				CLANG_WARN_RANGE_LOOP_ANALYSIS = YES;
				CLANG_WARN_STRICT_PROTOTYPES = YES;
				CLANG_WARN_SUSPICIOUS_MOVE = YES;
				CLANG_WARN_UNGUARDED_AVAILABILITY = YES_AGGRESSIVE;
				CLANG_WARN_UNREACHABLE_CODE = YES;
				CLANG_WARN__DUPLICATE_METHOD_MATCH = YES;
				CODE_SIGN_IDENTITY = "iPhone Developer";
				COPY_PHASE_STRIP = NO;
				DEBUG_INFORMATION_FORMAT = "dwarf-with-dsym";
				ENABLE_NS_ASSERTIONS = NO;
				ENABLE_STRICT_OBJC_MSGSEND = YES;
				GCC_C_LANGUAGE_STANDARD = gnu11;
				GCC_NO_COMMON_BLOCKS = YES;
				GCC_WARN_64_TO_32_BIT_CONVERSION = YES;
				GCC_WARN_ABOUT_RETURN_TYPE = YES_ERROR;
				GCC_WARN_UNDECLARED_SELECTOR = YES;
				GCC_WARN_UNINITIALIZED_AUTOS = YES_AGGRESSIVE;
				GCC_WARN_UNUSED_FUNCTION = YES;
				GCC_WARN_UNUSED_VARIABLE = YES;
				IPHONEOS_DEPLOYMENT_TARGET = 11.0;
				MTL_ENABLE_DEBUG_INFO = NO;
				SDKROOT = iphoneos;
				SWIFT_OPTIMIZATION_LEVEL = "-Owholemodule";
				VALIDATE_PRODUCT = YES;
			};
			name = Release;
		};
		C88737BF1F7D452600F49680 /* Debug */ = {
			isa = XCBuildConfiguration;
			buildSettings = {
				ASSETCATALOG_COMPILER_APPICON_NAME = AppIcon;
				CODE_SIGN_STYLE = Automatic;
				DEVELOPMENT_TEAM = ZCW5525M5M;
				INFOPLIST_FILE = YelpRestaurants/Info.plist;
				IPHONEOS_DEPLOYMENT_TARGET = 10.0;
				LD_RUNPATH_SEARCH_PATHS = "$(inherited) @executable_path/Frameworks";
				PRODUCT_BUNDLE_IDENTIFIER = AdrianYH.YelpRestaurants;
				PRODUCT_NAME = "$(TARGET_NAME)";
				SWIFT_VERSION = 4.0;
				TARGETED_DEVICE_FAMILY = "1,2";
			};
			name = Debug;
		};
		C88737C01F7D452600F49680 /* Release */ = {
			isa = XCBuildConfiguration;
			buildSettings = {
				ASSETCATALOG_COMPILER_APPICON_NAME = AppIcon;
				CODE_SIGN_STYLE = Automatic;
				DEVELOPMENT_TEAM = ZCW5525M5M;
				INFOPLIST_FILE = YelpRestaurants/Info.plist;
				IPHONEOS_DEPLOYMENT_TARGET = 10.0;
				LD_RUNPATH_SEARCH_PATHS = "$(inherited) @executable_path/Frameworks";
				PRODUCT_BUNDLE_IDENTIFIER = AdrianYH.YelpRestaurants;
				PRODUCT_NAME = "$(TARGET_NAME)";
				SWIFT_VERSION = 4.0;
				TARGETED_DEVICE_FAMILY = "1,2";
			};
			name = Release;
		};
		C88737C21F7D452600F49680 /* Debug */ = {
			isa = XCBuildConfiguration;
			buildSettings = {
				ALWAYS_EMBED_SWIFT_STANDARD_LIBRARIES = YES;
				BUNDLE_LOADER = "$(TEST_HOST)";
				CODE_SIGN_STYLE = Automatic;
				DEVELOPMENT_TEAM = ZCW5525M5M;
				INFOPLIST_FILE = YelpRestaurantsTests/Info.plist;
				LD_RUNPATH_SEARCH_PATHS = "$(inherited) @executable_path/Frameworks @loader_path/Frameworks";
				PRODUCT_BUNDLE_IDENTIFIER = AdrianYH.YelpRestaurantsTests;
				PRODUCT_NAME = "$(TARGET_NAME)";
				SWIFT_VERSION = 4.0;
				TARGETED_DEVICE_FAMILY = "1,2";
				TEST_HOST = "$(BUILT_PRODUCTS_DIR)/YelpRestaurants.app/YelpRestaurants";
			};
			name = Debug;
		};
		C88737C31F7D452600F49680 /* Release */ = {
			isa = XCBuildConfiguration;
			buildSettings = {
				ALWAYS_EMBED_SWIFT_STANDARD_LIBRARIES = YES;
				BUNDLE_LOADER = "$(TEST_HOST)";
				CODE_SIGN_STYLE = Automatic;
				DEVELOPMENT_TEAM = ZCW5525M5M;
				INFOPLIST_FILE = YelpRestaurantsTests/Info.plist;
				LD_RUNPATH_SEARCH_PATHS = "$(inherited) @executable_path/Frameworks @loader_path/Frameworks";
				PRODUCT_BUNDLE_IDENTIFIER = AdrianYH.YelpRestaurantsTests;
				PRODUCT_NAME = "$(TARGET_NAME)";
				SWIFT_VERSION = 4.0;
				TARGETED_DEVICE_FAMILY = "1,2";
				TEST_HOST = "$(BUILT_PRODUCTS_DIR)/YelpRestaurants.app/YelpRestaurants";
			};
			name = Release;
		};
		C88737C51F7D452600F49680 /* Debug */ = {
			isa = XCBuildConfiguration;
			buildSettings = {
				ALWAYS_EMBED_SWIFT_STANDARD_LIBRARIES = YES;
				CODE_SIGN_STYLE = Automatic;
				DEVELOPMENT_TEAM = ZCW5525M5M;
				INFOPLIST_FILE = YelpRestaurantsUITests/Info.plist;
				LD_RUNPATH_SEARCH_PATHS = "$(inherited) @executable_path/Frameworks @loader_path/Frameworks";
				PRODUCT_BUNDLE_IDENTIFIER = AdrianYH.YelpRestaurantsUITests;
				PRODUCT_NAME = "$(TARGET_NAME)";
				SWIFT_VERSION = 4.0;
				TARGETED_DEVICE_FAMILY = "1,2";
				TEST_TARGET_NAME = YelpRestaurants;
			};
			name = Debug;
		};
		C88737C61F7D452600F49680 /* Release */ = {
			isa = XCBuildConfiguration;
			buildSettings = {
				ALWAYS_EMBED_SWIFT_STANDARD_LIBRARIES = YES;
				CODE_SIGN_STYLE = Automatic;
				DEVELOPMENT_TEAM = ZCW5525M5M;
				INFOPLIST_FILE = YelpRestaurantsUITests/Info.plist;
				LD_RUNPATH_SEARCH_PATHS = "$(inherited) @executable_path/Frameworks @loader_path/Frameworks";
				PRODUCT_BUNDLE_IDENTIFIER = AdrianYH.YelpRestaurantsUITests;
				PRODUCT_NAME = "$(TARGET_NAME)";
				SWIFT_VERSION = 4.0;
				TARGETED_DEVICE_FAMILY = "1,2";
				TEST_TARGET_NAME = YelpRestaurants;
			};
			name = Release;
		};
/* End XCBuildConfiguration section */

/* Begin XCConfigurationList section */
		C887378E1F7D452500F49680 /* Build configuration list for PBXProject "YelpRestaurants" */ = {
			isa = XCConfigurationList;
			buildConfigurations = (
				C88737BC1F7D452600F49680 /* Debug */,
				C88737BD1F7D452600F49680 /* Release */,
			);
			defaultConfigurationIsVisible = 0;
			defaultConfigurationName = Release;
		};
		C88737BE1F7D452600F49680 /* Build configuration list for PBXNativeTarget "YelpRestaurants" */ = {
			isa = XCConfigurationList;
			buildConfigurations = (
				C88737BF1F7D452600F49680 /* Debug */,
				C88737C01F7D452600F49680 /* Release */,
			);
			defaultConfigurationIsVisible = 0;
			defaultConfigurationName = Release;
		};
		C88737C11F7D452600F49680 /* Build configuration list for PBXNativeTarget "YelpRestaurantsTests" */ = {
			isa = XCConfigurationList;
			buildConfigurations = (
				C88737C21F7D452600F49680 /* Debug */,
				C88737C31F7D452600F49680 /* Release */,
			);
			defaultConfigurationIsVisible = 0;
			defaultConfigurationName = Release;
		};
		C88737C41F7D452600F49680 /* Build configuration list for PBXNativeTarget "YelpRestaurantsUITests" */ = {
			isa = XCConfigurationList;
			buildConfigurations = (
				C88737C51F7D452600F49680 /* Debug */,
				C88737C61F7D452600F49680 /* Release */,
			);
			defaultConfigurationIsVisible = 0;
			defaultConfigurationName = Release;
		};
/* End XCConfigurationList section */

/* Begin XCVersionGroup section */
		C887379D1F7D452500F49680 /* YelpRestaurants.xcdatamodeld */ = {
			isa = XCVersionGroup;
			children = (
				C887379E1F7D452500F49680 /* YelpRestaurants.xcdatamodel */,
			);
			currentVersion = C887379E1F7D452500F49680 /* YelpRestaurants.xcdatamodel */;
			path = YelpRestaurants.xcdatamodeld;
			sourceTree = "<group>";
			versionGroupType = wrapper.xcdatamodel;
		};
/* End XCVersionGroup section */
	};
	rootObject = C887378B1F7D452500F49680 /* Project object */;
}
